// !$*UTF8*$!
{
	archiveVersion = 1;
	classes = {
	};
	objectVersion = 50;
	objects = {

/* Begin PBXBuildFile section */
		EFF8D77D2224755B00944FEF /* AppDelegate.swift in Sources */ = {isa = PBXBuildFile; fileRef = EFF8D77C2224755B00944FEF /* AppDelegate.swift */; };
		EFF8D77F2224755B00944FEF /* ViewController.swift in Sources */ = {isa = PBXBuildFile; fileRef = EFF8D77E2224755B00944FEF /* ViewController.swift */; };
		EFF8D7822224755B00944FEF /* Main.storyboard in Resources */ = {isa = PBXBuildFile; fileRef = EFF8D7802224755B00944FEF /* Main.storyboard */; };
		EFF8D7872224755B00944FEF /* LaunchScreen.storyboard in Resources */ = {isa = PBXBuildFile; fileRef = EFF8D7852224755B00944FEF /* LaunchScreen.storyboard */; };
		EFF8D7922224755C00944FEF /* Project_1Tests.swift in Sources */ = {isa = PBXBuildFile; fileRef = EFF8D7912224755C00944FEF /* Project_1Tests.swift */; };
		EFF8D79D2224755C00944FEF /* Project_1UITests.swift in Sources */ = {isa = PBXBuildFile; fileRef = EFF8D79C2224755C00944FEF /* Project_1UITests.swift */; };
		EFF8D7E5222DB68A00944FEF /* Assets.xcassets in Resources */ = {isa = PBXBuildFile; fileRef = EFF8D7E4222DB68A00944FEF /* Assets.xcassets */; };
/* End PBXBuildFile section */

/* Begin PBXContainerItemProxy section */
		EFF8D78E2224755C00944FEF /* PBXContainerItemProxy */ = {
			isa = PBXContainerItemProxy;
			containerPortal = EFF8D7712224755B00944FEF /* Project object */;
			proxyType = 1;
			remoteGlobalIDString = EFF8D7782224755B00944FEF;
			remoteInfo = "Project 1";
		};
		EFF8D7992224755C00944FEF /* PBXContainerItemProxy */ = {
			isa = PBXContainerItemProxy;
			containerPortal = EFF8D7712224755B00944FEF /* Project object */;
			proxyType = 1;
			remoteGlobalIDString = EFF8D7782224755B00944FEF;
			remoteInfo = "Project 1";
		};
/* End PBXContainerItemProxy section */

/* Begin PBXFileReference section */
		EFF8D7792224755B00944FEF /* Project 1.app */ = {isa = PBXFileReference; explicitFileType = wrapper.application; includeInIndex = 0; path = "Project 1.app"; sourceTree = BUILT_PRODUCTS_DIR; };
		EFF8D77C2224755B00944FEF /* AppDelegate.swift */ = {isa = PBXFileReference; lastKnownFileType = sourcecode.swift; path = AppDelegate.swift; sourceTree = "<group>"; };
		EFF8D77E2224755B00944FEF /* ViewController.swift */ = {isa = PBXFileReference; lastKnownFileType = sourcecode.swift; path = ViewController.swift; sourceTree = "<group>"; };
		EFF8D7812224755B00944FEF /* Base */ = {isa = PBXFileReference; lastKnownFileType = file.storyboard; name = Base; path = Base.lproj/Main.storyboard; sourceTree = "<group>"; };
		EFF8D7862224755B00944FEF /* Base */ = {isa = PBXFileReference; lastKnownFileType = file.storyboard; name = Base; path = Base.lproj/LaunchScreen.storyboard; sourceTree = "<group>"; };
		EFF8D7882224755B00944FEF /* Info.plist */ = {isa = PBXFileReference; lastKnownFileType = text.plist.xml; path = Info.plist; sourceTree = "<group>"; };
		EFF8D78D2224755C00944FEF /* Project 1Tests.xctest */ = {isa = PBXFileReference; explicitFileType = wrapper.cfbundle; includeInIndex = 0; path = "Project 1Tests.xctest"; sourceTree = BUILT_PRODUCTS_DIR; };
		EFF8D7912224755C00944FEF /* Project_1Tests.swift */ = {isa = PBXFileReference; lastKnownFileType = sourcecode.swift; path = Project_1Tests.swift; sourceTree = "<group>"; };
		EFF8D7932224755C00944FEF /* Info.plist */ = {isa = PBXFileReference; lastKnownFileType = text.plist.xml; path = Info.plist; sourceTree = "<group>"; };
		EFF8D7982224755C00944FEF /* Project 1UITests.xctest */ = {isa = PBXFileReference; explicitFileType = wrapper.cfbundle; includeInIndex = 0; path = "Project 1UITests.xctest"; sourceTree = BUILT_PRODUCTS_DIR; };
		EFF8D79C2224755C00944FEF /* Project_1UITests.swift */ = {isa = PBXFileReference; lastKnownFileType = sourcecode.swift; path = Project_1UITests.swift; sourceTree = "<group>"; };
		EFF8D79E2224755C00944FEF /* Info.plist */ = {isa = PBXFileReference; lastKnownFileType = text.plist.xml; path = Info.plist; sourceTree = "<group>"; };
		EFF8D7E4222DB68A00944FEF /* Assets.xcassets */ = {isa = PBXFileReference; lastKnownFileType = folder.assetcatalog; path = Assets.xcassets; sourceTree = "<group>"; };
/* End PBXFileReference section */

/* Begin PBXFrameworksBuildPhase section */
		EFF8D7762224755B00944FEF /* Frameworks */ = {
			isa = PBXFrameworksBuildPhase;
			buildActionMask = 2147483647;
			files = (
			);
			runOnlyForDeploymentPostprocessing = 0;
		};
		EFF8D78A2224755C00944FEF /* Frameworks */ = {
			isa = PBXFrameworksBuildPhase;
			buildActionMask = 2147483647;
			files = (
			);
			runOnlyForDeploymentPostprocessing = 0;
		};
		EFF8D7952224755C00944FEF /* Frameworks */ = {
			isa = PBXFrameworksBuildPhase;
			buildActionMask = 2147483647;
			files = (
			);
			runOnlyForDeploymentPostprocessing = 0;
		};
/* End PBXFrameworksBuildPhase section */

/* Begin PBXGroup section */
		EFF8D7702224755B00944FEF = {
			isa = PBXGroup;
			children = (
				EFF8D77B2224755B00944FEF /* Project 1 */,
				EFF8D7902224755C00944FEF /* Project 1Tests */,
				EFF8D79B2224755C00944FEF /* Project 1UITests */,
				EFF8D77A2224755B00944FEF /* Products */,
			);
			sourceTree = "<group>";
		};
		EFF8D77A2224755B00944FEF /* Products */ = {
			isa = PBXGroup;
			children = (
				EFF8D7792224755B00944FEF /* Project 1.app */,
				EFF8D78D2224755C00944FEF /* Project 1Tests.xctest */,
				EFF8D7982224755C00944FEF /* Project 1UITests.xctest */,
			);
			name = Products;
			sourceTree = "<group>";
		};
		EFF8D77B2224755B00944FEF /* Project 1 */ = {
			isa = PBXGroup;
			children = (
				EFF8D77C2224755B00944FEF /* AppDelegate.swift */,
				EFF8D77E2224755B00944FEF /* ViewController.swift */,
				EFF8D7802224755B00944FEF /* Main.storyboard */,
				EFF8D7E4222DB68A00944FEF /* Assets.xcassets */,
				EFF8D7852224755B00944FEF /* LaunchScreen.storyboard */,
				EFF8D7882224755B00944FEF /* Info.plist */,
			);
			path = "Project 1";
			sourceTree = "<group>";
		};
		EFF8D7902224755C00944FEF /* Project 1Tests */ = {
			isa = PBXGroup;
			children = (
				EFF8D7912224755C00944FEF /* Project_1Tests.swift */,
				EFF8D7932224755C00944FEF /* Info.plist */,
			);
			path = "Project 1Tests";
			sourceTree = "<group>";
		};
		EFF8D79B2224755C00944FEF /* Project 1UITests */ = {
			isa = PBXGroup;
			children = (
				EFF8D79C2224755C00944FEF /* Project_1UITests.swift */,
				EFF8D79E2224755C00944FEF /* Info.plist */,
			);
			path = "Project 1UITests";
			sourceTree = "<group>";
		};
/* End PBXGroup section */

/* Begin PBXNativeTarget section */
		EFF8D7782224755B00944FEF /* Project 1 */ = {
			isa = PBXNativeTarget;
			buildConfigurationList = EFF8D7A12224755C00944FEF /* Build configuration list for PBXNativeTarget "Project 1" */;
			buildPhases = (
				EFF8D7752224755B00944FEF /* Sources */,
				EFF8D7762224755B00944FEF /* Frameworks */,
				EFF8D7772224755B00944FEF /* Resources */,
			);
			buildRules = (
			);
			dependencies = (
			);
			name = "Project 1";
			productName = "Project 1";
			productReference = EFF8D7792224755B00944FEF /* Project 1.app */;
			productType = "com.apple.product-type.application";
		};
		EFF8D78C2224755C00944FEF /* Project 1Tests */ = {
			isa = PBXNativeTarget;
			buildConfigurationList = EFF8D7A42224755C00944FEF /* Build configuration list for PBXNativeTarget "Project 1Tests" */;
			buildPhases = (
				EFF8D7892224755C00944FEF /* Sources */,
				EFF8D78A2224755C00944FEF /* Frameworks */,
				EFF8D78B2224755C00944FEF /* Resources */,
			);
			buildRules = (
			);
			dependencies = (
				EFF8D78F2224755C00944FEF /* PBXTargetDependency */,
			);
			name = "Project 1Tests";
			productName = "Project 1Tests";
			productReference = EFF8D78D2224755C00944FEF /* Project 1Tests.xctest */;
			productType = "com.apple.product-type.bundle.unit-test";
		};
		EFF8D7972224755C00944FEF /* Project 1UITests */ = {
			isa = PBXNativeTarget;
			buildConfigurationList = EFF8D7A72224755C00944FEF /* Build configuration list for PBXNativeTarget "Project 1UITests" */;
			buildPhases = (
				EFF8D7942224755C00944FEF /* Sources */,
				EFF8D7952224755C00944FEF /* Frameworks */,
				EFF8D7962224755C00944FEF /* Resources */,
			);
			buildRules = (
			);
			dependencies = (
				EFF8D79A2224755C00944FEF /* PBXTargetDependency */,
			);
			name = "Project 1UITests";
			productName = "Project 1UITests";
			productReference = EFF8D7982224755C00944FEF /* Project 1UITests.xctest */;
			productType = "com.apple.product-type.bundle.ui-testing";
		};
/* End PBXNativeTarget section */

/* Begin PBXProject section */
		EFF8D7712224755B00944FEF /* Project object */ = {
			isa = PBXProject;
			attributes = {
				LastSwiftUpdateCheck = 1010;
				LastUpgradeCheck = 1010;
				ORGANIZATIONNAME = "taylor parks";
				TargetAttributes = {
					EFF8D7782224755B00944FEF = {
						CreatedOnToolsVersion = 10.1;
					};
					EFF8D78C2224755C00944FEF = {
						CreatedOnToolsVersion = 10.1;
						TestTargetID = EFF8D7782224755B00944FEF;
					};
					EFF8D7972224755C00944FEF = {
						CreatedOnToolsVersion = 10.1;
						TestTargetID = EFF8D7782224755B00944FEF;
					};
				};
			};
			buildConfigurationList = EFF8D7742224755B00944FEF /* Build configuration list for PBXProject "Project 1" */;
			compatibilityVersion = "Xcode 9.3";
			developmentRegion = en;
			hasScannedForEncodings = 0;
			knownRegions = (
				en,
				Base,
			);
			mainGroup = EFF8D7702224755B00944FEF;
			productRefGroup = EFF8D77A2224755B00944FEF /* Products */;
			projectDirPath = "";
			projectRoot = "";
			targets = (
				EFF8D7782224755B00944FEF /* Project 1 */,
				EFF8D78C2224755C00944FEF /* Project 1Tests */,
				EFF8D7972224755C00944FEF /* Project 1UITests */,
			);
		};
/* End PBXProject section */

/* Begin PBXResourcesBuildPhase section */
		EFF8D7772224755B00944FEF /* Resources */ = {
			isa = PBXResourcesBuildPhase;
			buildActionMask = 2147483647;
			files = (
				EFF8D7872224755B00944FEF /* LaunchScreen.storyboard in Resources */,
				EFF8D7E5222DB68A00944FEF /* Assets.xcassets in Resources */,
				EFF8D7822224755B00944FEF /* Main.storyboard in Resources */,
			);
			runOnlyForDeploymentPostprocessing = 0;
		};
		EFF8D78B2224755C00944FEF /* Resources */ = {
			isa = PBXResourcesBuildPhase;
			buildActionMask = 2147483647;
			files = (
			);
			runOnlyForDeploymentPostprocessing = 0;
		};
		EFF8D7962224755C00944FEF /* Resources */ = {
			isa = PBXResourcesBuildPhase;
			buildActionMask = 2147483647;
			files = (
			);
			runOnlyForDeploymentPostprocessing = 0;
		};
/* End PBXResourcesBuildPhase section */

/* Begin PBXSourcesBuildPhase section */
		EFF8D7752224755B00944FEF /* Sources */ = {
			isa = PBXSourcesBuildPhase;
			buildActionMask = 2147483647;
			files = (
				EFF8D77F2224755B00944FEF /* ViewController.swift in Sources */,
				EFF8D77D2224755B00944FEF /* AppDelegate.swift in Sources */,
			);
			runOnlyForDeploymentPostprocessing = 0;
		};
		EFF8D7892224755C00944FEF /* Sources */ = {
			isa = PBXSourcesBuildPhase;
			buildActionMask = 2147483647;
			files = (
				EFF8D7922224755C00944FEF /* Project_1Tests.swift in Sources */,
			);
			runOnlyForDeploymentPostprocessing = 0;
		};
		EFF8D7942224755C00944FEF /* Sources */ = {
			isa = PBXSourcesBuildPhase;
			buildActionMask = 2147483647;
			files = (
				EFF8D79D2224755C00944FEF /* Project_1UITests.swift in Sources */,
			);
			runOnlyForDeploymentPostprocessing = 0;
		};
/* End PBXSourcesBuildPhase section */

/* Begin PBXTargetDependency section */
		EFF8D78F2224755C00944FEF /* PBXTargetDependency */ = {
			isa = PBXTargetDependency;
			target = EFF8D7782224755B00944FEF /* Project 1 */;
			targetProxy = EFF8D78E2224755C00944FEF /* PBXContainerItemProxy */;
		};
		EFF8D79A2224755C00944FEF /* PBXTargetDependency */ = {
			isa = PBXTargetDependency;
			target = EFF8D7782224755B00944FEF /* Project 1 */;
			targetProxy = EFF8D7992224755C00944FEF /* PBXContainerItemProxy */;
		};
/* End PBXTargetDependency section */

/* Begin PBXVariantGroup section */
		EFF8D7802224755B00944FEF /* Main.storyboard */ = {
			isa = PBXVariantGroup;
			children = (
				EFF8D7812224755B00944FEF /* Base */,
			);
			name = Main.storyboard;
			sourceTree = "<group>";
		};
		EFF8D7852224755B00944FEF /* LaunchScreen.storyboard */ = {
			isa = PBXVariantGroup;
			children = (
				EFF8D7862224755B00944FEF /* Base */,
			);
			name = LaunchScreen.storyboard;
			sourceTree = "<group>";
		};
/* End PBXVariantGroup section */

/* Begin XCBuildConfiguration section */
		EFF8D79F2224755C00944FEF /* Debug */ = {
			isa = XCBuildConfiguration;
			buildSettings = {
				ALWAYS_SEARCH_USER_PATHS = NO;
				CLANG_ANALYZER_NONNULL = YES;
				CLANG_ANALYZER_NUMBER_OBJECT_CONVERSION = YES_AGGRESSIVE;
				CLANG_CXX_LANGUAGE_STANDARD = "gnu++14";
				CLANG_CXX_LIBRARY = "libc++";
				CLANG_ENABLE_MODULES = YES;
				CLANG_ENABLE_OBJC_ARC = YES;
				CLANG_ENABLE_OBJC_WEAK = YES;
				CLANG_WARN_BLOCK_CAPTURE_AUTORELEASING = YES;
				CLANG_WARN_BOOL_CONVERSION = YES;
				CLANG_WARN_COMMA = YES;
				CLANG_WARN_CONSTANT_CONVERSION = YES;
				CLANG_WARN_DEPRECATED_OBJC_IMPLEMENTATIONS = YES;
				CLANG_WARN_DIRECT_OBJC_ISA_USAGE = YES_ERROR;
				CLANG_WARN_DOCUMENTATION_COMMENTS = YES;
				CLANG_WARN_EMPTY_BODY = YES;
				CLANG_WARN_ENUM_CONVERSION = YES;
				CLANG_WARN_INFINITE_RECURSION = YES;
				CLANG_WARN_INT_CONVERSION = YES;
				CLANG_WARN_NON_LITERAL_NULL_CONVERSION = YES;
				CLANG_WARN_OBJC_IMPLICIT_RETAIN_SELF = YES;
				CLANG_WARN_OBJC_LITERAL_CONVERSION = YES;
				CLANG_WARN_OBJC_ROOT_CLASS = YES_ERROR;
				CLANG_WARN_RANGE_LOOP_ANALYSIS = YES;
				CLANG_WARN_STRICT_PROTOTYPES = YES;
				CLANG_WARN_SUSPICIOUS_MOVE = YES;
				CLANG_WARN_UNGUARDED_AVAILABILITY = YES_AGGRESSIVE;
				CLANG_WARN_UNREACHABLE_CODE = YES;
				CLANG_WARN__DUPLICATE_METHOD_MATCH = YES;
				CODE_SIGN_IDENTITY = "iPhone Developer";
				COPY_PHASE_STRIP = NO;
				DEBUG_INFORMATION_FORMAT = dwarf;
				ENABLE_STRICT_OBJC_MSGSEND = YES;
				ENABLE_TESTABILITY = YES;
				GCC_C_LANGUAGE_STANDARD = gnu11;
				GCC_DYNAMIC_NO_PIC = NO;
				GCC_NO_COMMON_BLOCKS = YES;
				GCC_OPTIMIZATION_LEVEL = 0;
				GCC_PREPROCESSOR_DEFINITIONS = (
					"DEBUG=1",
					"$(inherited)",
				);
				GCC_WARN_64_TO_32_BIT_CONVERSION = YES;
				GCC_WARN_ABOUT_RETURN_TYPE = YES_ERROR;
				GCC_WARN_UNDECLARED_SELECTOR = YES;
				GCC_WARN_UNINITIALIZED_AUTOS = YES_AGGRESSIVE;
				GCC_WARN_UNUSED_FUNCTION = YES;
				GCC_WARN_UNUSED_VARIABLE = YES;
				IPHONEOS_DEPLOYMENT_TARGET = 12.1;
				MTL_ENABLE_DEBUG_INFO = INCLUDE_SOURCE;
				MTL_FAST_MATH = YES;
				ONLY_ACTIVE_ARCH = YES;
				SDKROOT = iphoneos;
				SWIFT_ACTIVE_COMPILATION_CONDITIONS = DEBUG;
				SWIFT_OPTIMIZATION_LEVEL = "-Onone";
			};
			name = Debug;
		};
		EFF8D7A02224755C00944FEF /* Release */ = {
			isa = XCBuildConfiguration;
			buildSettings = {
				ALWAYS_SEARCH_USER_PATHS = NO;
				CLANG_ANALYZER_NONNULL = YES;
				CLANG_ANALYZER_NUMBER_OBJECT_CONVERSION = YES_AGGRESSIVE;
				CLANG_CXX_LANGUAGE_STANDARD = "gnu++14";
				CLANG_CXX_LIBRARY = "libc++";
				CLANG_ENABLE_MODULES = YES;
				CLANG_ENABLE_OBJC_ARC = YES;
				CLANG_ENABLE_OBJC_WEAK = YES;
				CLANG_WARN_BLOCK_CAPTURE_AUTORELEASING = YES;
				CLANG_WARN_BOOL_CONVERSION = YES;
				CLANG_WARN_COMMA = YES;
				CLANG_WARN_CONSTANT_CONVERSION = YES;
				CLANG_WARN_DEPRECATED_OBJC_IMPLEMENTATIONS = YES;
				CLANG_WARN_DIRECT_OBJC_ISA_USAGE = YES_ERROR;
				CLANG_WARN_DOCUMENTATION_COMMENTS = YES;
				CLANG_WARN_EMPTY_BODY = YES;
				CLANG_WARN_ENUM_CONVERSION = YES;
				CLANG_WARN_INFINITE_RECURSION = YES;
				CLANG_WARN_INT_CONVERSION = YES;
				CLANG_WARN_NON_LITERAL_NULL_CONVERSION = YES;
				CLANG_WARN_OBJC_IMPLICIT_RETAIN_SELF = YES;
				CLANG_WARN_OBJC_LITERAL_CONVERSION = YES;
				CLANG_WARN_OBJC_ROOT_CLASS = YES_ERROR;
				CLANG_WARN_RANGE_LOOP_ANALYSIS = YES;
				CLANG_WARN_STRICT_PROTOTYPES = YES;
				CLANG_WARN_SUSPICIOUS_MOVE = YES;
				CLANG_WARN_UNGUARDED_AVAILABILITY = YES_AGGRESSIVE;
				CLANG_WARN_UNREACHABLE_CODE = YES;
				CLANG_WARN__DUPLICATE_METHOD_MATCH = YES;
				CODE_SIGN_IDENTITY = "iPhone Developer";
				COPY_PHASE_STRIP = NO;
				DEBUG_INFORMATION_FORMAT = "dwarf-with-dsym";
				ENABLE_NS_ASSERTIONS = NO;
				ENABLE_STRICT_OBJC_MSGSEND = YES;
				GCC_C_LANGUAGE_STANDARD = gnu11;
				GCC_NO_COMMON_BLOCKS = YES;
				GCC_WARN_64_TO_32_BIT_CONVERSION = YES;
				GCC_WARN_ABOUT_RETURN_TYPE = YES_ERROR;
				GCC_WARN_UNDECLARED_SELECTOR = YES;
				GCC_WARN_UNINITIALIZED_AUTOS = YES_AGGRESSIVE;
				GCC_WARN_UNUSED_FUNCTION = YES;
				GCC_WARN_UNUSED_VARIABLE = YES;
				IPHONEOS_DEPLOYMENT_TARGET = 12.1;
				MTL_ENABLE_DEBUG_INFO = NO;
				MTL_FAST_MATH = YES;
				SDKROOT = iphoneos;
				SWIFT_COMPILATION_MODE = wholemodule;
				SWIFT_OPTIMIZATION_LEVEL = "-O";
				VALIDATE_PRODUCT = YES;
			};
			name = Release;
		};
		EFF8D7A22224755C00944FEF /* Debug */ = {
			isa = XCBuildConfiguration;
			buildSettings = {
				ASSETCATALOG_COMPILER_APPICON_NAME = AppIcon;
				CODE_SIGN_STYLE = Automatic;
				INFOPLIST_FILE = "Project 1/Info.plist";
				LD_RUNPATH_SEARCH_PATHS = (
					"$(inherited)",
					"@executable_path/Frameworks",
				);
				PRODUCT_BUNDLE_IDENTIFIER = "taylormackparks.Project-1";
				PRODUCT_NAME = "$(TARGET_NAME)";
				SWIFT_VERSION = 4.2;
				TARGETED_DEVICE_FAMILY = "1,2";
			};
			name = Debug;
		};
		EFF8D7A32224755C00944FEF /* Release */ = {
			isa = XCBuildConfiguration;
			buildSettings = {
				ASSETCATALOG_COMPILER_APPICON_NAME = AppIcon;
				CODE_SIGN_STYLE = Automatic;
				INFOPLIST_FILE = "Project 1/Info.plist";
				LD_RUNPATH_SEARCH_PATHS = (
					"$(inherited)",
					"@executable_path/Frameworks",
				);
				PRODUCT_BUNDLE_IDENTIFIER = "taylormackparks.Project-1";
				PRODUCT_NAME = "$(TARGET_NAME)";
				SWIFT_VERSION = 4.2;
				TARGETED_DEVICE_FAMILY = "1,2";
			};
			name = Release;
		};
		EFF8D7A52224755C00944FEF /* Debug */ = {
			isa = XCBuildConfiguration;
			buildSettings = {
				ALWAYS_EMBED_SWIFT_STANDARD_LIBRARIES = YES;
				BUNDLE_LOADER = "$(TEST_HOST)";
				CODE_SIGN_STYLE = Automatic;
				INFOPLIST_FILE = "Project 1Tests/Info.plist";
				LD_RUNPATH_SEARCH_PATHS = (
					"$(inherited)",
					"@executable_path/Frameworks",
					"@loader_path/Frameworks",
				);
				PRODUCT_BUNDLE_IDENTIFIER = "taylormackparks.Project-1Tests";
				PRODUCT_NAME = "$(TARGET_NAME)";
				SWIFT_VERSION = 4.2;
				TARGETED_DEVICE_FAMILY = "1,2";
				TEST_HOST = "$(BUILT_PRODUCTS_DIR)/Project 1.app/Project 1";
			};
			name = Debug;
		};
		EFF8D7A62224755C00944FEF /* Release */ = {
			isa = XCBuildConfiguration;
			buildSettings = {
				ALWAYS_EMBED_SWIFT_STANDARD_LIBRARIES = YES;
				BUNDLE_LOADER = "$(TEST_HOST)";
				CODE_SIGN_STYLE = Automatic;
				INFOPLIST_FILE = "Project 1Tests/Info.plist";
				LD_RUNPATH_SEARCH_PATHS = (
					"$(inherited)",
					"@executable_path/Frameworks",
					"@loader_path/Frameworks",
				);
				PRODUCT_BUNDLE_IDENTIFIER = "taylormackparks.Project-1Tests";
				PRODUCT_NAME = "$(TARGET_NAME)";
				SWIFT_VERSION = 4.2;
				TARGETED_DEVICE_FAMILY = "1,2";
				TEST_HOST = "$(BUILT_PRODUCTS_DIR)/Project 1.app/Project 1";
			};
			name = Release;
		};
		EFF8D7A82224755C00944FEF /* Debug */ = {
			isa = XCBuildConfiguration;
			buildSettings = {
				ALWAYS_EMBED_SWIFT_STANDARD_LIBRARIES = YES;
				CODE_SIGN_STYLE = Automatic;
				INFOPLIST_FILE = "Project 1UITests/Info.plist";
				LD_RUNPATH_SEARCH_PATHS = (
					"$(inherited)",
					"@executable_path/Frameworks",
					"@loader_path/Frameworks",
				);
				PRODUCT_BUNDLE_IDENTIFIER = "taylormackparks.Project-1UITests";
				PRODUCT_NAME = "$(TARGET_NAME)";
				SWIFT_VERSION = 4.2;
				TARGETED_DEVICE_FAMILY = "1,2";
				TEST_TARGET_NAME = "Project 1";
			};
			name = Debug;
		};
		EFF8D7A92224755C00944FEF /* Release */ = {
			isa = XCBuildConfiguration;
			buildSettings = {
				ALWAYS_EMBED_SWIFT_STANDARD_LIBRARIES = YES;
				CODE_SIGN_STYLE = Automatic;
				INFOPLIST_FILE = "Project 1UITests/Info.plist";
				LD_RUNPATH_SEARCH_PATHS = (
					"$(inherited)",
					"@executable_path/Frameworks",
					"@loader_path/Frameworks",
				);
				PRODUCT_BUNDLE_IDENTIFIER = "taylormackparks.Project-1UITests";
				PRODUCT_NAME = "$(TARGET_NAME)";
				SWIFT_VERSION = 4.2;
				TARGETED_DEVICE_FAMILY = "1,2";
				TEST_TARGET_NAME = "Project 1";
			};
			name = Release;
		};
/* End XCBuildConfiguration section */

/* Begin XCConfigurationList section */
		EFF8D7742224755B00944FEF /* Build configuration list for PBXProject "Project 1" */ = {
			isa = XCConfigurationList;
			buildConfigurations = (
				EFF8D79F2224755C00944FEF /* Debug */,
				EFF8D7A02224755C00944FEF /* Release */,
			);
			defaultConfigurationIsVisible = 0;
			defaultConfigurationName = Release;
		};
		EFF8D7A12224755C00944FEF /* Build configuration list for PBXNativeTarget "Project 1" */ = {
			isa = XCConfigurationList;
			buildConfigurations = (
				EFF8D7A22224755C00944FEF /* Debug */,
				EFF8D7A32224755C00944FEF /* Release */,
			);
			defaultConfigurationIsVisible = 0;
			defaultConfigurationName = Release;
		};
		EFF8D7A42224755C00944FEF /* Build configuration list for PBXNativeTarget "Project 1Tests" */ = {
			isa = XCConfigurationList;
			buildConfigurations = (
				EFF8D7A52224755C00944FEF /* Debug */,
				EFF8D7A62224755C00944FEF /* Release */,
			);
			defaultConfigurationIsVisible = 0;
			defaultConfigurationName = Release;
		};
		EFF8D7A72224755C00944FEF /* Build configuration list for PBXNativeTarget "Project 1UITests" */ = {
			isa = XCConfigurationList;
			buildConfigurations = (
				EFF8D7A82224755C00944FEF /* Debug */,
				EFF8D7A92224755C00944FEF /* Release */,
			);
			defaultConfigurationIsVisible = 0;
			defaultConfigurationName = Release;
		};
/* End XCConfigurationList section */
	};
	rootObject = EFF8D7712224755B00944FEF /* Project object */;
}
